
Microsoft Visual Studio Solution File, Format Version 12.00
# Visual Studio Version 17
VisualStudioVersion = 17.1.32228.430
MinimumVisualStudioVersion = 10.0.40219.1
Project("{FAE04EC0-301F-11D3-BF4B-00C04F79EFBC}") = "Atm", "Atm.csproj", "{64E686A1-2B05-494F-9D33-80344AD84AEF}"
EndProject
Global
	GlobalSection(SolutionConfigurationPlatforms) = preSolution
		Debug|Any CPU = Debug|Any CPU
		Release|Any CPU = Release|Any CPU
	EndGlobalSection
	GlobalSection(ProjectConfigurationPlatforms) = postSolution
		{64E686A1-2B05-494F-9D33-80344AD84AEF}.Debug|Any CPU.ActiveCfg = Debug|Any CPU
		{64E686A1-2B05-494F-9D33-80344AD84AEF}.Debug|Any CPU.Build.0 = Debug|Any CPU
		{64E686A1-2B05-494F-9D33-80344AD84AEF}.Release|Any CPU.ActiveCfg = Release|Any CPU
		{64E686A1-2B05-494F-9D33-80344AD84AEF}.Release|Any CPU.Build.0 = Release|Any CPU
	EndGlobalSection
	GlobalSection(SolutionProperties) = preSolution
		HideSolutionNode = FALSE
	EndGlobalSection
	GlobalSection(ExtensibilityGlobals) = postSolution
		SolutionGuid = {8B3D6001-AC6D-44A9-BB61-2EFB11A15892}
	EndGlobalSection
EndGlobal
